// !$*UTF8*$!
{
	archiveVersion = 1;
	classes = {
	};
	objectVersion = 46;
	objects = {

/* Begin PBXBuildFile section */
		D7FA212314EFB137001B3A1F /* UIKit.framework in Frameworks */ = {isa = PBXBuildFile; fileRef = D7FA212214EFB137001B3A1F /* UIKit.framework */; };
		D7FA212514EFB137001B3A1F /* Foundation.framework in Frameworks */ = {isa = PBXBuildFile; fileRef = D7FA212414EFB137001B3A1F /* Foundation.framework */; };
		D7FA212714EFB137001B3A1F /* CoreGraphics.framework in Frameworks */ = {isa = PBXBuildFile; fileRef = D7FA212614EFB137001B3A1F /* CoreGraphics.framework */; };
		D7FA212D14EFB137001B3A1F /* InfoPlist.strings in Resources */ = {isa = PBXBuildFile; fileRef = D7FA212B14EFB137001B3A1F /* InfoPlist.strings */; };
		D7FA212F14EFB137001B3A1F /* main.m in Sources */ = {isa = PBXBuildFile; fileRef = D7FA212E14EFB137001B3A1F /* main.m */; };
		D7FA213314EFB137001B3A1F /* MDAppDelegate.m in Sources */ = {isa = PBXBuildFile; fileRef = D7FA213214EFB137001B3A1F /* MDAppDelegate.m */; };
		D7FA213614EFB137001B3A1F /* MDMasterViewController.m in Sources */ = {isa = PBXBuildFile; fileRef = D7FA213514EFB137001B3A1F /* MDMasterViewController.m */; };
		D7FA213914EFB138001B3A1F /* MDDetailViewController.m in Sources */ = {isa = PBXBuildFile; fileRef = D7FA213814EFB138001B3A1F /* MDDetailViewController.m */; };
		D7FA213C14EFB138001B3A1F /* MDMasterViewController.xib in Resources */ = {isa = PBXBuildFile; fileRef = D7FA213A14EFB138001B3A1F /* MDMasterViewController.xib */; };
		D7FA213F14EFB138001B3A1F /* MDDetailViewController.xib in Resources */ = {isa = PBXBuildFile; fileRef = D7FA213D14EFB138001B3A1F /* MDDetailViewController.xib */; };
/* End PBXBuildFile section */

/* Begin PBXFileReference section */
		D7FA211E14EFB137001B3A1F /* WhyMCA_Client.app */ = {isa = PBXFileReference; explicitFileType = wrapper.application; includeInIndex = 0; path = WhyMCA_Client.app; sourceTree = BUILT_PRODUCTS_DIR; };
		D7FA212214EFB137001B3A1F /* UIKit.framework */ = {isa = PBXFileReference; lastKnownFileType = wrapper.framework; name = UIKit.framework; path = System/Library/Frameworks/UIKit.framework; sourceTree = SDKROOT; };
		D7FA212414EFB137001B3A1F /* Foundation.framework */ = {isa = PBXFileReference; lastKnownFileType = wrapper.framework; name = Foundation.framework; path = System/Library/Frameworks/Foundation.framework; sourceTree = SDKROOT; };
		D7FA212614EFB137001B3A1F /* CoreGraphics.framework */ = {isa = PBXFileReference; lastKnownFileType = wrapper.framework; name = CoreGraphics.framework; path = System/Library/Frameworks/CoreGraphics.framework; sourceTree = SDKROOT; };
		D7FA212A14EFB137001B3A1F /* WhyMCA_Client-Info.plist */ = {isa = PBXFileReference; path = "WhyMCA_Client-Info.plist"; sourceTree = "<group>"; };
		D7FA212C14EFB137001B3A1F /* en */ = {isa = PBXFileReference; lastKnownFileType = text.plist.strings; name = en; path = en.lproj/InfoPlist.strings; sourceTree = "<group>"; };
		D7FA212E14EFB137001B3A1F /* main.m */ = {isa = PBXFileReference; lastKnownFileType = sourcecode.c.objc; path = main.m; sourceTree = "<group>"; };
		D7FA213014EFB137001B3A1F /* WhyMCA_Client-Prefix.pch */ = {isa = PBXFileReference; path = "WhyMCA_Client-Prefix.pch"; sourceTree = "<group>"; };
		D7FA213114EFB137001B3A1F /* MDAppDelegate.h */ = {isa = PBXFileReference; path = MDAppDelegate.h; sourceTree = "<group>"; };
		D7FA213214EFB137001B3A1F /* MDAppDelegate.m */ = {isa = PBXFileReference; lastKnownFileType = sourcecode.c.objc; path = MDAppDelegate.m; sourceTree = "<group>"; };
		D7FA213414EFB137001B3A1F /* MDMasterViewController.h */ = {isa = PBXFileReference; path = MDMasterViewController.h; sourceTree = "<group>"; };
		D7FA213514EFB137001B3A1F /* MDMasterViewController.m */ = {isa = PBXFileReference; lastKnownFileType = sourcecode.c.objc; path = MDMasterViewController.m; sourceTree = "<group>"; };
		D7FA213714EFB137001B3A1F /* MDDetailViewController.h */ = {isa = PBXFileReference; path = MDDetailViewController.h; sourceTree = "<group>"; };
		D7FA213814EFB138001B3A1F /* MDDetailViewController.m */ = {isa = PBXFileReference; lastKnownFileType = sourcecode.c.objc; path = MDDetailViewController.m; sourceTree = "<group>"; };
		D7FA213B14EFB138001B3A1F /* en */ = {isa = PBXFileReference; lastKnownFileType = file.xib; name = en; path = en.lproj/MDMasterViewController.xib; sourceTree = "<group>"; };
		D7FA213E14EFB138001B3A1F /* en */ = {isa = PBXFileReference; lastKnownFileType = file.xib; name = en; path = en.lproj/MDDetailViewController.xib; sourceTree = "<group>"; };
/* End PBXFileReference section */

/* Begin PBXFrameworksBuildPhase section */
		D7FA211B14EFB137001B3A1F /* Frameworks */ = {
			isa = PBXFrameworksBuildPhase;
			buildActionMask = 2147483647;
			files = (
				D7FA212314EFB137001B3A1F /* UIKit.framework in Frameworks */,
				D7FA212514EFB137001B3A1F /* Foundation.framework in Frameworks */,
				D7FA212714EFB137001B3A1F /* CoreGraphics.framework in Frameworks */,
			);
			runOnlyForDeploymentPostprocessing = 0;
		};
/* End PBXFrameworksBuildPhase section */

/* Begin PBXGroup section */
		D7FA211314EFB137001B3A1F = {
			isa = PBXGroup;
			children = (
				D7FA212814EFB137001B3A1F /* WhyMCA_Client */,
				D7FA212114EFB137001B3A1F /* Frameworks */,
				D7FA211F14EFB137001B3A1F /* Products */,
			);
			sourceTree = "<group>";
		};
		D7FA211F14EFB137001B3A1F /* Products */ = {
			isa = PBXGroup;
			children = (
				D7FA211E14EFB137001B3A1F /* WhyMCA_Client.app */,
			);
			name = Products;
			sourceTree = "<group>";
		};
		D7FA212114EFB137001B3A1F /* Frameworks */ = {
			isa = PBXGroup;
			children = (
				D7FA212214EFB137001B3A1F /* UIKit.framework */,
				D7FA212414EFB137001B3A1F /* Foundation.framework */,
				D7FA212614EFB137001B3A1F /* CoreGraphics.framework */,
			);
			name = Frameworks;
			sourceTree = "<group>";
		};
		D7FA212814EFB137001B3A1F /* WhyMCA_Client */ = {
			isa = PBXGroup;
			children = (
				D7FA213114EFB137001B3A1F /* MDAppDelegate.h */,
				D7FA213214EFB137001B3A1F /* MDAppDelegate.m */,
				D7FA213414EFB137001B3A1F /* MDMasterViewController.h */,
				D7FA213514EFB137001B3A1F /* MDMasterViewController.m */,
				D7FA213714EFB137001B3A1F /* MDDetailViewController.h */,
				D7FA213814EFB138001B3A1F /* MDDetailViewController.m */,
				D7FA213A14EFB138001B3A1F /* MDMasterViewController.xib */,
				D7FA213D14EFB138001B3A1F /* MDDetailViewController.xib */,
				D7FA212914EFB137001B3A1F /* Supporting Files */,
			);
			path = WhyMCA_Client;
			sourceTree = "<group>";
		};
		D7FA212914EFB137001B3A1F /* Supporting Files */ = {
			isa = PBXGroup;
			children = (
				D7FA212A14EFB137001B3A1F /* WhyMCA_Client-Info.plist */,
				D7FA212B14EFB137001B3A1F /* InfoPlist.strings */,
				D7FA212E14EFB137001B3A1F /* main.m */,
				D7FA213014EFB137001B3A1F /* WhyMCA_Client-Prefix.pch */,
			);
			name = "Supporting Files";
			sourceTree = "<group>";
		};
/* End PBXGroup section */

/* Begin PBXNativeTarget section */
		D7FA211D14EFB137001B3A1F /* WhyMCA_Client */ = {
			isa = PBXNativeTarget;
			buildConfigurationList = D7FA214214EFB138001B3A1F /* Build configuration list for PBXNativeTarget "WhyMCA_Client" */;
			buildPhases = (
				D7FA211A14EFB137001B3A1F /* Sources */,
				D7FA211B14EFB137001B3A1F /* Frameworks */,
				D7FA211C14EFB137001B3A1F /* Resources */,
			);
			buildRules = (
			);
			dependencies = (
			);
			name = WhyMCA_Client;
			productName = WhyMCA_Client;
			productReference = D7FA211E14EFB137001B3A1F /* WhyMCA_Client.app */;
			productType = "com.apple.product-type.application";
		};
/* End PBXNativeTarget section */

/* Begin PBXProject section */
		D7FA211514EFB137001B3A1F /* Project object */ = {
			isa = PBXProject;
			attributes = {
				LastUpgradeCheck = 0420;
				ORGANIZATIONNAME = "Università degli studi di Padova";
			};
			buildConfigurationList = D7FA211814EFB137001B3A1F /* Build configuration list for PBXProject "WhyMCA_Client" */;
			compatibilityVersion = "Xcode 3.2";
			developmentRegion = English;
			hasScannedForEncodings = 0;
			knownRegions = (
				en,
			);
			mainGroup = D7FA211314EFB137001B3A1F;
			productRefGroup = D7FA211F14EFB137001B3A1F /* Products */;
			projectDirPath = "";
			projectRoot = "";
			targets = (
				D7FA211D14EFB137001B3A1F /* WhyMCA_Client */,
			);
		};
/* End PBXProject section */

/* Begin PBXResourcesBuildPhase section */
		D7FA211C14EFB137001B3A1F /* Resources */ = {
			isa = PBXResourcesBuildPhase;
			buildActionMask = 2147483647;
			files = (
				D7FA212D14EFB137001B3A1F /* InfoPlist.strings in Resources */,
				D7FA213C14EFB138001B3A1F /* MDMasterViewController.xib in Resources */,
				D7FA213F14EFB138001B3A1F /* MDDetailViewController.xib in Resources */,
			);
			runOnlyForDeploymentPostprocessing = 0;
		};
/* End PBXResourcesBuildPhase section */

/* Begin PBXSourcesBuildPhase section */
		D7FA211A14EFB137001B3A1F /* Sources */ = {
			isa = PBXSourcesBuildPhase;
			buildActionMask = 2147483647;
			files = (
				D7FA212F14EFB137001B3A1F /* main.m in Sources */,
				D7FA213314EFB137001B3A1F /* MDAppDelegate.m in Sources */,
				D7FA213614EFB137001B3A1F /* MDMasterViewController.m in Sources */,
				D7FA213914EFB138001B3A1F /* MDDetailViewController.m in Sources */,
			);
			runOnlyForDeploymentPostprocessing = 0;
		};
/* End PBXSourcesBuildPhase section */

/* Begin PBXVariantGroup section */
		D7FA212B14EFB137001B3A1F /* InfoPlist.strings */ = {
			isa = PBXVariantGroup;
			children = (
				D7FA212C14EFB137001B3A1F /* en */,
			);
			name = InfoPlist.strings;
			sourceTree = "<group>";
		};
		D7FA213A14EFB138001B3A1F /* MDMasterViewController.xib */ = {
			isa = PBXVariantGroup;
			children = (
				D7FA213B14EFB138001B3A1F /* en */,
			);
			name = MDMasterViewController.xib;
			sourceTree = "<group>";
		};
		D7FA213D14EFB138001B3A1F /* MDDetailViewController.xib */ = {
			isa = PBXVariantGroup;
			children = (
				D7FA213E14EFB138001B3A1F /* en */,
			);
			name = MDDetailViewController.xib;
			sourceTree = "<group>";
		};
/* End PBXVariantGroup section */

/* Begin XCBuildConfiguration section */
		D7FA214014EFB138001B3A1F /* Debug */ = {
			isa = XCBuildConfiguration;
			buildSettings = {
				ALWAYS_SEARCH_USER_PATHS = NO;
				ARCHS = "$(ARCHS_STANDARD_32_BIT)";
				CLANG_ENABLE_OBJC_ARC = YES;
				"CODE_SIGN_IDENTITY[sdk=iphoneos*]" = "iPhone Developer";
				COPY_PHASE_STRIP = NO;
				GCC_C_LANGUAGE_STANDARD = gnu99;
				GCC_DYNAMIC_NO_PIC = NO;
				GCC_OPTIMIZATION_LEVEL = 0;
				GCC_PREPROCESSOR_DEFINITIONS = (
					"DEBUG=1",
					"$(inherited)",
				);
				GCC_SYMBOLS_PRIVATE_EXTERN = NO;
				GCC_VERSION = com.apple.compilers.llvm.clang.1_0;
				GCC_WARN_ABOUT_MISSING_PROTOTYPES = YES;
				GCC_WARN_ABOUT_RETURN_TYPE = YES;
				GCC_WARN_UNUSED_VARIABLE = YES;
				IPHONEOS_DEPLOYMENT_TARGET = 5.0;
				SDKROOT = iphoneos;
			};
			name = Debug;
		};
		D7FA214114EFB138001B3A1F /* Release */ = {
			isa = XCBuildConfiguration;
			buildSettings = {
				ALWAYS_SEARCH_USER_PATHS = NO;
				ARCHS = "$(ARCHS_STANDARD_32_BIT)";
				CLANG_ENABLE_OBJC_ARC = YES;
				"CODE_SIGN_IDENTITY[sdk=iphoneos*]" = "iPhone Developer";
				COPY_PHASE_STRIP = YES;
				GCC_C_LANGUAGE_STANDARD = gnu99;
				GCC_VERSION = com.apple.compilers.llvm.clang.1_0;
				GCC_WARN_ABOUT_MISSING_PROTOTYPES = YES;
				GCC_WARN_ABOUT_RETURN_TYPE = YES;
				GCC_WARN_UNUSED_VARIABLE = YES;
				IPHONEOS_DEPLOYMENT_TARGET = 5.0;
				OTHER_CFLAGS = "-DNS_BLOCK_ASSERTIONS=1";
				SDKROOT = iphoneos;
				VALIDATE_PRODUCT = YES;
			};
			name = Release;
		};
		D7FA214314EFB138001B3A1F /* Debug */ = {
			isa = XCBuildConfiguration;
			buildSettings = {
				GCC_PRECOMPILE_PREFIX_HEADER = YES;
				GCC_PREFIX_HEADER = "WhyMCA_Client/WhyMCA_Client-Prefix.pch";
				INFOPLIST_FILE = "WhyMCA_Client/WhyMCA_Client-Info.plist";
				PRODUCT_NAME = "$(TARGET_NAME)";
				WRAPPER_EXTENSION = app;
			};
			name = Debug;
		};
		D7FA214414EFB138001B3A1F /* Release */ = {
			isa = XCBuildConfiguration;
			buildSettings = {
				GCC_PRECOMPILE_PREFIX_HEADER = YES;
				GCC_PREFIX_HEADER = "WhyMCA_Client/WhyMCA_Client-Prefix.pch";
				INFOPLIST_FILE = "WhyMCA_Client/WhyMCA_Client-Info.plist";
				PRODUCT_NAME = "$(TARGET_NAME)";
				WRAPPER_EXTENSION = app;
			};
			name = Release;
		};
/* End XCBuildConfiguration section */

/* Begin XCConfigurationList section */
		D7FA211814EFB137001B3A1F /* Build configuration list for PBXProject "WhyMCA_Client" */ = {
			isa = XCConfigurationList;
			buildConfigurations = (
				D7FA214014EFB138001B3A1F /* Debug */,
				D7FA214114EFB138001B3A1F /* Release */,
			);
			defaultConfigurationIsVisible = 0;
			defaultConfigurationName = Release;
		};
		D7FA214214EFB138001B3A1F /* Build configuration list for PBXNativeTarget "WhyMCA_Client" */ = {
			isa = XCConfigurationList;
			buildConfigurations = (
				D7FA214314EFB138001B3A1F /* Debug */,
				D7FA214414EFB138001B3A1F /* Release */,
			);
			defaultConfigurationIsVisible = 0;
		};
/* End XCConfigurationList section */
	};
	rootObject = D7FA211514EFB137001B3A1F /* Project object */;
}
